
Microsoft Visual Studio Solution File, Format Version 12.00
# Visual Studio Version 17
VisualStudioVersion = 17.14.37502.11
MinimumVisualStudioVersion = 10.0.40219.1
Project("{FAE04EC0-301F-11D3-BF4B-00C04F79EFBC}") = "CapaControlador_Mantenimiento", "CapaControlador_Mantenimiento\CapaControlador_Mantenimiento.csproj", "{6C40FC08-001A-43AF-94B5-BA6F42F0974B}"
EndProject
Global
	GlobalSection(SolutionConfigurationPlatforms) = preSolution
		Debug|Any CPU = Debug|Any CPU
		Release|Any CPU = Release|Any CPU
	EndGlobalSection
	GlobalSection(ProjectConfigurationPlatforms) = postSolution
		{6C40FC08-001A-43AF-94B5-BA6F42F0974B}.Debug|Any CPU.ActiveCfg = Debug|Any CPU
		{6C40FC08-001A-43AF-94B5-BA6F42F0974B}.Debug|Any CPU.Build.0 = Debug|Any CPU
		{6C40FC08-001A-43AF-94B5-BA6F42F0974B}.Release|Any CPU.ActiveCfg = Release|Any CPU
		{6C40FC08-001A-43AF-94B5-BA6F42F0974B}.Release|Any CPU.Build.0 = Release|Any CPU
	EndGlobalSection
	GlobalSection(SolutionProperties) = preSolution
		HideSolutionNode = FALSE
	EndGlobalSection
	GlobalSection(ExtensibilityGlobals) = postSolution
		SolutionGuid = {B0E049E6-C886-4AA1-9A83-5542249D8083}
	EndGlobalSection
EndGlobal
